
Microsoft Visual Studio Solution File, Format Version 12.00
# Visual Studio Version 17
VisualStudioVersion = 17.14.37502.11
MinimumVisualStudioVersion = 10.0.40219.1
Project("{FAE04EC0-301F-11D3-BF4B-00C04F79EFBC}") = "NestFlow_Backend", "NestFlow_Backend\NestFlow_Backend.csproj", "{C8326F62-D80B-4758-8E1F-B1513A77D3B7}"
EndProject
Project("{FAE04EC0-301F-11D3-BF4B-00C04F79EFBC}") = "NestFlow_Worker", "NestFlow_Worker\NestFlow_Worker.csproj", "{CABFE2CD-3A7C-43A3-8A76-E674BDD1B338}"
EndProject
Project("{FAE04EC0-301F-11D3-BF4B-00C04F79EFBC}") = "NestFlow_Backend.Tests", "NestFlow_Backend.Tests\NestFlow_Backend.Tests.csproj", "{2CEDD5EF-3BC3-498B-855F-DC4FAB3005EC}"
EndProject
Global
	GlobalSection(SolutionConfigurationPlatforms) = preSolution
		Debug|Any CPU = Debug|Any CPU
		Debug|x64 = Debug|x64
		Debug|x86 = Debug|x86
		Release|Any CPU = Release|Any CPU
		Release|x64 = Release|x64
		Release|x86 = Release|x86
	EndGlobalSection
	GlobalSection(ProjectConfigurationPlatforms) = postSolution
		{C8326F62-D80B-4758-8E1F-B1513A77D3B7}.Debug|Any CPU.ActiveCfg = Debug|Any CPU
		{C8326F62-D80B-4758-8E1F-B1513A77D3B7}.Debug|Any CPU.Build.0 = Debug|Any CPU
		{C8326F62-D80B-4758-8E1F-B1513A77D3B7}.Debug|x64.ActiveCfg = Debug|Any CPU
		{C8326F62-D80B-4758-8E1F-B1513A77D3B7}.Debug|x64.Build.0 = Debug|Any CPU
		{C8326F62-D80B-4758-8E1F-B1513A77D3B7}.Debug|x86.ActiveCfg = Debug|Any CPU
		{C8326F62-D80B-4758-8E1F-B1513A77D3B7}.Debug|x86.Build.0 = Debug|Any CPU
		{C8326F62-D80B-4758-8E1F-B1513A77D3B7}.Release|Any CPU.ActiveCfg = Release|Any CPU
		{C8326F62-D80B-4758-8E1F-B1513A77D3B7}.Release|Any CPU.Build.0 = Release|Any CPU
		{C8326F62-D80B-4758-8E1F-B1513A77D3B7}.Release|x64.ActiveCfg = Release|Any CPU
		{C8326F62-D80B-4758-8E1F-B1513A77D3B7}.Release|x64.Build.0 = Release|Any CPU
		{C8326F62-D80B-4758-8E1F-B1513A77D3B7}.Release|x86.ActiveCfg = Release|Any CPU
		{C8326F62-D80B-4758-8E1F-B1513A77D3B7}.Release|x86.Build.0 = Release|Any CPU
		{CABFE2CD-3A7C-43A3-8A76-E674BDD1B338}.Debug|Any CPU.ActiveCfg = Debug|Any CPU
		{CABFE2CD-3A7C-43A3-8A76-E674BDD1B338}.Debug|Any CPU.Build.0 = Debug|Any CPU
		{CABFE2CD-3A7C-43A3-8A76-E674BDD1B338}.Debug|x64.ActiveCfg = Debug|Any CPU
		{CABFE2CD-3A7C-43A3-8A76-E674BDD1B338}.Debug|x64.Build.0 = Debug|Any CPU
		{CABFE2CD-3A7C-43A3-8A76-E674BDD1B338}.Debug|x86.ActiveCfg = Debug|Any CPU
		{CABFE2CD-3A7C-43A3-8A76-E674BDD1B338}.Debug|x86.Build.0 = Debug|Any CPU
		{CABFE2CD-3A7C-43A3-8A76-E674BDD1B338}.Release|Any CPU.ActiveCfg = Release|Any CPU
		{CABFE2CD-3A7C-43A3-8A76-E674BDD1B338}.Release|Any CPU.Build.0 = Release|Any CPU
		{CABFE2CD-3A7C-43A3-8A76-E674BDD1B338}.Release|x64.ActiveCfg = Release|Any CPU
		{CABFE2CD-3A7C-43A3-8A76-E674BDD1B338}.Release|x64.Build.0 = Release|Any CPU
		{CABFE2CD-3A7C-43A3-8A76-E674BDD1B338}.Release|x86.ActiveCfg = Release|Any CPU
		{CABFE2CD-3A7C-43A3-8A76-E674BDD1B338}.Release|x86.Build.0 = Release|Any CPU
		{2CEDD5EF-3BC3-498B-855F-DC4FAB3005EC}.Debug|Any CPU.ActiveCfg = Debug|Any CPU
		{2CEDD5EF-3BC3-498B-855F-DC4FAB3005EC}.Debug|Any CPU.Build.0 = Debug|Any CPU
		{2CEDD5EF-3BC3-498B-855F-DC4FAB3005EC}.Debug|x64.ActiveCfg = Debug|Any CPU
		{2CEDD5EF-3BC3-498B-855F-DC4FAB3005EC}.Debug|x64.Build.0 = Debug|Any CPU
		{2CEDD5EF-3BC3-498B-855F-DC4FAB3005EC}.Debug|x86.ActiveCfg = Debug|Any CPU
		{2CEDD5EF-3BC3-498B-855F-DC4FAB3005EC}.Debug|x86.Build.0 = Debug|Any CPU
		{2CEDD5EF-3BC3-498B-855F-DC4FAB3005EC}.Release|Any CPU.ActiveCfg = Release|Any CPU
		{2CEDD5EF-3BC3-498B-855F-DC4FAB3005EC}.Release|Any CPU.Build.0 = Release|Any CPU
		{2CEDD5EF-3BC3-498B-855F-DC4FAB3005EC}.Release|x64.ActiveCfg = Release|Any CPU
		{2CEDD5EF-3BC3-498B-855F-DC4FAB3005EC}.Release|x64.Build.0 = Release|Any CPU
		{2CEDD5EF-3BC3-498B-855F-DC4FAB3005EC}.Release|x86.ActiveCfg = Release|Any CPU
		{2CEDD5EF-3BC3-498B-855F-DC4FAB3005EC}.Release|x86.Build.0 = Release|Any CPU
	EndGlobalSection
	GlobalSection(SolutionProperties) = preSolution
		HideSolutionNode = FALSE
	EndGlobalSection
	GlobalSection(ExtensibilityGlobals) = postSolution
		SolutionGuid = {1289CF42-C7AD-4DBF-B641-E022EE6DD21B}
	EndGlobalSection
EndGlobal
